
Microsoft Visual Studio Solution File, Format Version 12.00
# Visual Studio Version 17
VisualStudioVersion = 17.6.33801.468
MinimumVisualStudioVersion = 10.0.40219.1
Project("{FAE04EC0-301F-11D3-BF4B-00C04F79EFBC}") = "DifferenceBetweenConstant and ReadOnly", "DifferenceBetweenConstant and ReadOnly\DifferenceBetweenConstant and ReadOnly.csproj", "{3BF718F7-1B28-4B1D-9EA1-F6086CD6414D}"
EndProject
Global
	GlobalSection(SolutionConfigurationPlatforms) = preSolution
		Debug|Any CPU = Debug|Any CPU
		Release|Any CPU = Release|Any CPU
	EndGlobalSection
	GlobalSection(ProjectConfigurationPlatforms) = postSolution
		{3BF718F7-1B28-4B1D-9EA1-F6086CD6414D}.Debug|Any CPU.ActiveCfg = Debug|Any CPU
		{3BF718F7-1B28-4B1D-9EA1-F6086CD6414D}.Debug|Any CPU.Build.0 = Debug|Any CPU
		{3BF718F7-1B28-4B1D-9EA1-F6086CD6414D}.Release|Any CPU.ActiveCfg = Release|Any CPU
		{3BF718F7-1B28-4B1D-9EA1-F6086CD6414D}.Release|Any CPU.Build.0 = Release|Any CPU
	EndGlobalSection
	GlobalSection(SolutionProperties) = preSolution
		HideSolutionNode = FALSE
	EndGlobalSection
	GlobalSection(ExtensibilityGlobals) = postSolution
		SolutionGuid = {C0F2FF93-E965-42E1-84FC-227A9D84391D}
	EndGlobalSection
EndGlobal
